
Microsoft Visual Studio Solution File, Format Version 12.00
# Visual Studio Version 17
VisualStudioVersion = 17.7.34202.233
MinimumVisualStudioVersion = 10.0.40219.1
Project("{FAE04EC0-301F-11D3-BF4B-00C04F79EFBC}") = "RecapDemo1", "RecapDemo1\RecapDemo1.csproj", "{0FC3EC3C-C8B3-4298-8413-11DE93E14470}"
EndProject
Global
	GlobalSection(SolutionConfigurationPlatforms) = preSolution
		Debug|Any CPU = Debug|Any CPU
		Release|Any CPU = Release|Any CPU
	EndGlobalSection
	GlobalSection(ProjectConfigurationPlatforms) = postSolution
		{0FC3EC3C-C8B3-4298-8413-11DE93E14470}.Debug|Any CPU.ActiveCfg = Debug|Any CPU
		{0FC3EC3C-C8B3-4298-8413-11DE93E14470}.Debug|Any CPU.Build.0 = Debug|Any CPU
		{0FC3EC3C-C8B3-4298-8413-11DE93E14470}.Release|Any CPU.ActiveCfg = Release|Any CPU
		{0FC3EC3C-C8B3-4298-8413-11DE93E14470}.Release|Any CPU.Build.0 = Release|Any CPU
	EndGlobalSection
	GlobalSection(SolutionProperties) = preSolution
		HideSolutionNode = FALSE
	EndGlobalSection
	GlobalSection(ExtensibilityGlobals) = postSolution
		SolutionGuid = {A69C8069-BD0F-4096-8B65-9D514FA0DEB1}
	EndGlobalSection
EndGlobal
